
Microsoft Visual Studio Solution File, Format Version 12.00
# Visual Studio 15
VisualStudioVersion = 15.0.27130.2024
MinimumVisualStudioVersion = 10.0.40219.1
Project("{FAE04EC0-301F-11D3-BF4B-00C04F79EFBC}") = "Assignment6", "Assignment6\Assignment6.csproj", "{1FDF8FC2-5165-4A01-B01A-17A60CC96EF6}"
EndProject
Project("{FAE04EC0-301F-11D3-BF4B-00C04F79EFBC}") = "MyDictionary", "MyDictionary\MyDictionary.csproj", "{0E36E2CE-E272-4D8F-BCAD-20B180EAA81E}"
EndProject
Global
	GlobalSection(SolutionConfigurationPlatforms) = preSolution
		Debug|Any CPU = Debug|Any CPU
		Release|Any CPU = Release|Any CPU
	EndGlobalSection
	GlobalSection(ProjectConfigurationPlatforms) = postSolution
		{1FDF8FC2-5165-4A01-B01A-17A60CC96EF6}.Debug|Any CPU.ActiveCfg = Debug|Any CPU
		{1FDF8FC2-5165-4A01-B01A-17A60CC96EF6}.Debug|Any CPU.Build.0 = Debug|Any CPU
		{1FDF8FC2-5165-4A01-B01A-17A60CC96EF6}.Release|Any CPU.ActiveCfg = Release|Any CPU
		{1FDF8FC2-5165-4A01-B01A-17A60CC96EF6}.Release|Any CPU.Build.0 = Release|Any CPU
		{0E36E2CE-E272-4D8F-BCAD-20B180EAA81E}.Debug|Any CPU.ActiveCfg = Debug|Any CPU
		{0E36E2CE-E272-4D8F-BCAD-20B180EAA81E}.Debug|Any CPU.Build.0 = Debug|Any CPU
		{0E36E2CE-E272-4D8F-BCAD-20B180EAA81E}.Release|Any CPU.ActiveCfg = Release|Any CPU
		{0E36E2CE-E272-4D8F-BCAD-20B180EAA81E}.Release|Any CPU.Build.0 = Release|Any CPU
	EndGlobalSection
	GlobalSection(SolutionProperties) = preSolution
		HideSolutionNode = FALSE
	EndGlobalSection
	GlobalSection(ExtensibilityGlobals) = postSolution
		SolutionGuid = {64256F5A-60B0-40DA-9E47-ED96714A1B06}
	EndGlobalSection
EndGlobal
